
Microsoft Visual Studio Solution File, Format Version 12.00
# Visual Studio Version 16
VisualStudioVersion = 16.0.29503.13
MinimumVisualStudioVersion = 10.0.40219.1
Project("{FAE04EC0-301F-11D3-BF4B-00C04F79EFBC}") = "ProductLibrary", "ProductLibrary.csproj", "{DD5AAB6F-8D7A-4E36-9FF2-EDA84D78BE27}"
EndProject
Global
	GlobalSection(SolutionConfigurationPlatforms) = preSolution
		Debug|Any CPU = Debug|Any CPU
		Release|Any CPU = Release|Any CPU
	EndGlobalSection
	GlobalSection(ProjectConfigurationPlatforms) = postSolution
		{DD5AAB6F-8D7A-4E36-9FF2-EDA84D78BE27}.Debug|Any CPU.ActiveCfg = Debug|Any CPU
		{DD5AAB6F-8D7A-4E36-9FF2-EDA84D78BE27}.Debug|Any CPU.Build.0 = Debug|Any CPU
		{DD5AAB6F-8D7A-4E36-9FF2-EDA84D78BE27}.Release|Any CPU.ActiveCfg = Release|Any CPU
		{DD5AAB6F-8D7A-4E36-9FF2-EDA84D78BE27}.Release|Any CPU.Build.0 = Release|Any CPU
	EndGlobalSection
	GlobalSection(SolutionProperties) = preSolution
		HideSolutionNode = FALSE
	EndGlobalSection
	GlobalSection(ExtensibilityGlobals) = postSolution
		SolutionGuid = {1B22C1B6-3B49-4A84-B55A-7300DBCBC128}
	EndGlobalSection
EndGlobal
